
Microsoft Visual Studio Solution File, Format Version 12.00
# Visual Studio 15
VisualStudioVersion = 15.0.27428.2015
MinimumVisualStudioVersion = 10.0.40219.1
Project("{FAE04EC0-301F-11D3-BF4B-00C04F79EFBC}") = "MvcDemo", "MvcDemo\MvcDemo.csproj", "{EFC9C8E7-A851-4378-906B-9E9861662EF3}"
EndProject
Global
	GlobalSection(SolutionConfigurationPlatforms) = preSolution
		Debug|Any CPU = Debug|Any CPU
		Release|Any CPU = Release|Any CPU
	EndGlobalSection
	GlobalSection(ProjectConfigurationPlatforms) = postSolution
		{EFC9C8E7-A851-4378-906B-9E9861662EF3}.Debug|Any CPU.ActiveCfg = Debug|Any CPU
		{EFC9C8E7-A851-4378-906B-9E9861662EF3}.Debug|Any CPU.Build.0 = Debug|Any CPU
		{EFC9C8E7-A851-4378-906B-9E9861662EF3}.Release|Any CPU.ActiveCfg = Release|Any CPU
		{EFC9C8E7-A851-4378-906B-9E9861662EF3}.Release|Any CPU.Build.0 = Release|Any CPU
	EndGlobalSection
	GlobalSection(SolutionProperties) = preSolution
		HideSolutionNode = FALSE
	EndGlobalSection
	GlobalSection(ExtensibilityGlobals) = postSolution
		SolutionGuid = {5FD3EA93-05D0-435C-9FF8-CAE75DAD0438}
	EndGlobalSection
EndGlobal
